{
  "version": 1,
  "dependencies": {
    "net8.0": {
      "CommunityToolkit.HighPerformance": {
        "type": "Direct",
        "requested": "[8.2.2, )",
        "resolved": "8.2.2",
        "contentHash": "+zIp8d3sbtYaRbM6hqDs4Ui/z34j7DcUmleruZlYLE4CVxXq+MO8XJyIs42vzeTYFX+k0Iq1dEbBUnQ4z/Gnrw=="
      },
      "FSharp.Core": {
        "type": "Direct",
        "requested": "[8.0.101, )",
        "resolved": "8.0.101",
        "contentHash": "sOLz3O4BOxnTKfd5OChdRmDUy4Id0GfoEClRG4nzIod8LY1LJZcNyygKAV0A78XOLh8yvhA5hsDYKZXGCR9blw=="
      }
    }
  }
}